
Microsoft Visual Studio Solution File, Format Version 12.00
# Visual Studio Version 17
VisualStudioVersion = 17.4.33103.184
MinimumVisualStudioVersion = 10.0.40219.1
Project("{FAE04EC0-301F-11D3-BF4B-00C04F79EFBC}") = "SiteScraping", "SiteScraping\SiteScraping.csproj", "{87AEBE08-F0FD-4376-87B7-28893574C608}"
EndProject
Global
	GlobalSection(SolutionConfigurationPlatforms) = preSolution
		Debug|Any CPU = Debug|Any CPU
		Release|Any CPU = Release|Any CPU
	EndGlobalSection
	GlobalSection(ProjectConfigurationPlatforms) = postSolution
		{87AEBE08-F0FD-4376-87B7-28893574C608}.Debug|Any CPU.ActiveCfg = Debug|Any CPU
		{87AEBE08-F0FD-4376-87B7-28893574C608}.Debug|Any CPU.Build.0 = Debug|Any CPU
		{87AEBE08-F0FD-4376-87B7-28893574C608}.Release|Any CPU.ActiveCfg = Release|Any CPU
		{87AEBE08-F0FD-4376-87B7-28893574C608}.Release|Any CPU.Build.0 = Release|Any CPU
	EndGlobalSection
	GlobalSection(SolutionProperties) = preSolution
		HideSolutionNode = FALSE
	EndGlobalSection
	GlobalSection(ExtensibilityGlobals) = postSolution
		SolutionGuid = {EECF26FF-5FB3-47B1-9B5F-D77799A74150}
	EndGlobalSection
EndGlobal
